// !$*UTF8*$!
{
	archiveVersion = 1;
	classes = {
	};
	objectVersion = 55;
	objects = {

/* Begin PBXBuildFile section */
		D6F07307279BC66500BF1C67 /* AppDelegate.swift in Sources */ = {isa = PBXBuildFile; fileRef = D6F07306279BC66500BF1C67 /* AppDelegate.swift */; };
		D6F07309279BC66500BF1C67 /* SceneDelegate.swift in Sources */ = {isa = PBXBuildFile; fileRef = D6F07308279BC66500BF1C67 /* SceneDelegate.swift */; };
		D6F0730B279BC66500BF1C67 /* ViewController.swift in Sources */ = {isa = PBXBuildFile; fileRef = D6F0730A279BC66500BF1C67 /* ViewController.swift */; };
		D6F0730E279BC66500BF1C67 /* Main.storyboard in Resources */ = {isa = PBXBuildFile; fileRef = D6F0730C279BC66500BF1C67 /* Main.storyboard */; };
		D6F07310279BC67400BF1C67 /* Assets.xcassets in Resources */ = {isa = PBXBuildFile; fileRef = D6F0730F279BC67400BF1C67 /* Assets.xcassets */; };
		D6F07313279BC67400BF1C67 /* LaunchScreen.storyboard in Resources */ = {isa = PBXBuildFile; fileRef = D6F07311279BC67400BF1C67 /* LaunchScreen.storyboard */; };
		D6F0731E279BC67500BF1C67 /* NewsAppTestTests.swift in Sources */ = {isa = PBXBuildFile; fileRef = D6F0731D279BC67500BF1C67 /* NewsAppTestTests.swift */; };
		D6F07328279BC67500BF1C67 /* NewsAppTestUITests.swift in Sources */ = {isa = PBXBuildFile; fileRef = D6F07327279BC67500BF1C67 /* NewsAppTestUITests.swift */; };
		D6F0732A279BC67500BF1C67 /* NewsAppTestUITestsLaunchTests.swift in Sources */ = {isa = PBXBuildFile; fileRef = D6F07329279BC67500BF1C67 /* NewsAppTestUITestsLaunchTests.swift */; };
		D6F07337279BC7DB00BF1C67 /* Connection.swift in Sources */ = {isa = PBXBuildFile; fileRef = D6F07336279BC7DB00BF1C67 /* Connection.swift */; };
		D6F0733A279BCF2D00BF1C67 /* NewsTableViewCell.swift in Sources */ = {isa = PBXBuildFile; fileRef = D6F07339279BCF2D00BF1C67 /* NewsTableViewCell.swift */; };
/* End PBXBuildFile section */

/* Begin PBXContainerItemProxy section */
		D6F0731A279BC67500BF1C67 /* PBXContainerItemProxy */ = {
			isa = PBXContainerItemProxy;
			containerPortal = D6F072FB279BC66500BF1C67 /* Project object */;
			proxyType = 1;
			remoteGlobalIDString = D6F07302279BC66500BF1C67;
			remoteInfo = NewsAppTest;
		};
		D6F07324279BC67500BF1C67 /* PBXContainerItemProxy */ = {
			isa = PBXContainerItemProxy;
			containerPortal = D6F072FB279BC66500BF1C67 /* Project object */;
			proxyType = 1;
			remoteGlobalIDString = D6F07302279BC66500BF1C67;
			remoteInfo = NewsAppTest;
		};
/* End PBXContainerItemProxy section */

/* Begin PBXFileReference section */
		D6F07303279BC66500BF1C67 /* NewsAppTest.app */ = {isa = PBXFileReference; explicitFileType = wrapper.application; includeInIndex = 0; path = NewsAppTest.app; sourceTree = BUILT_PRODUCTS_DIR; };
		D6F07306279BC66500BF1C67 /* AppDelegate.swift */ = {isa = PBXFileReference; lastKnownFileType = sourcecode.swift; path = AppDelegate.swift; sourceTree = "<group>"; };
		D6F07308279BC66500BF1C67 /* SceneDelegate.swift */ = {isa = PBXFileReference; lastKnownFileType = sourcecode.swift; path = SceneDelegate.swift; sourceTree = "<group>"; };
		D6F0730A279BC66500BF1C67 /* ViewController.swift */ = {isa = PBXFileReference; lastKnownFileType = sourcecode.swift; path = ViewController.swift; sourceTree = "<group>"; };
		D6F0730D279BC66500BF1C67 /* Base */ = {isa = PBXFileReference; lastKnownFileType = file.storyboard; name = Base; path = Base.lproj/Main.storyboard; sourceTree = "<group>"; };
		D6F0730F279BC67400BF1C67 /* Assets.xcassets */ = {isa = PBXFileReference; lastKnownFileType = folder.assetcatalog; path = Assets.xcassets; sourceTree = "<group>"; };
		D6F07312279BC67400BF1C67 /* Base */ = {isa = PBXFileReference; lastKnownFileType = file.storyboard; name = Base; path = Base.lproj/LaunchScreen.storyboard; sourceTree = "<group>"; };
		D6F07314279BC67400BF1C67 /* Info.plist */ = {isa = PBXFileReference; lastKnownFileType = text.plist.xml; path = Info.plist; sourceTree = "<group>"; };
		D6F07319279BC67500BF1C67 /* NewsAppTestTests.xctest */ = {isa = PBXFileReference; explicitFileType = wrapper.cfbundle; includeInIndex = 0; path = NewsAppTestTests.xctest; sourceTree = BUILT_PRODUCTS_DIR; };
		D6F0731D279BC67500BF1C67 /* NewsAppTestTests.swift */ = {isa = PBXFileReference; lastKnownFileType = sourcecode.swift; path = NewsAppTestTests.swift; sourceTree = "<group>"; };
		D6F07323279BC67500BF1C67 /* NewsAppTestUITests.xctest */ = {isa = PBXFileReference; explicitFileType = wrapper.cfbundle; includeInIndex = 0; path = NewsAppTestUITests.xctest; sourceTree = BUILT_PRODUCTS_DIR; };
		D6F07327279BC67500BF1C67 /* NewsAppTestUITests.swift */ = {isa = PBXFileReference; lastKnownFileType = sourcecode.swift; path = NewsAppTestUITests.swift; sourceTree = "<group>"; };
		D6F07329279BC67500BF1C67 /* NewsAppTestUITestsLaunchTests.swift */ = {isa = PBXFileReference; lastKnownFileType = sourcecode.swift; path = NewsAppTestUITestsLaunchTests.swift; sourceTree = "<group>"; };
		D6F07336279BC7DB00BF1C67 /* Connection.swift */ = {isa = PBXFileReference; lastKnownFileType = sourcecode.swift; path = Connection.swift; sourceTree = "<group>"; };
		D6F07339279BCF2D00BF1C67 /* NewsTableViewCell.swift */ = {isa = PBXFileReference; lastKnownFileType = sourcecode.swift; path = NewsTableViewCell.swift; sourceTree = "<group>"; };
/* End PBXFileReference section */

/* Begin PBXFrameworksBuildPhase section */
		D6F07300279BC66500BF1C67 /* Frameworks */ = {
			isa = PBXFrameworksBuildPhase;
			buildActionMask = 2147483647;
			files = (
			);
			runOnlyForDeploymentPostprocessing = 0;
		};
		D6F07316279BC67500BF1C67 /* Frameworks */ = {
			isa = PBXFrameworksBuildPhase;
			buildActionMask = 2147483647;
			files = (
			);
			runOnlyForDeploymentPostprocessing = 0;
		};
		D6F07320279BC67500BF1C67 /* Frameworks */ = {
			isa = PBXFrameworksBuildPhase;
			buildActionMask = 2147483647;
			files = (
			);
			runOnlyForDeploymentPostprocessing = 0;
		};
/* End PBXFrameworksBuildPhase section */

/* Begin PBXGroup section */
		D6F072FA279BC66500BF1C67 = {
			isa = PBXGroup;
			children = (
				D6F07305279BC66500BF1C67 /* NewsAppTest */,
				D6F0731C279BC67500BF1C67 /* NewsAppTestTests */,
				D6F07326279BC67500BF1C67 /* NewsAppTestUITests */,
				D6F07304279BC66500BF1C67 /* Products */,
			);
			sourceTree = "<group>";
		};
		D6F07304279BC66500BF1C67 /* Products */ = {
			isa = PBXGroup;
			children = (
				D6F07303279BC66500BF1C67 /* NewsAppTest.app */,
				D6F07319279BC67500BF1C67 /* NewsAppTestTests.xctest */,
				D6F07323279BC67500BF1C67 /* NewsAppTestUITests.xctest */,
			);
			name = Products;
			sourceTree = "<group>";
		};
		D6F07305279BC66500BF1C67 /* NewsAppTest */ = {
			isa = PBXGroup;
			children = (
				D6F07306279BC66500BF1C67 /* AppDelegate.swift */,
				D6F07308279BC66500BF1C67 /* SceneDelegate.swift */,
				D6F0733B279BD11300BF1C67 /* ViewController */,
				D6F0733C279BD12A00BF1C67 /* Views */,
				D6F0730F279BC67400BF1C67 /* Assets.xcassets */,
				D6F07314279BC67400BF1C67 /* Info.plist */,
				D6F07338279BC80500BF1C67 /* Model */,
			);
			path = NewsAppTest;
			sourceTree = "<group>";
		};
		D6F0731C279BC67500BF1C67 /* NewsAppTestTests */ = {
			isa = PBXGroup;
			children = (
				D6F0731D279BC67500BF1C67 /* NewsAppTestTests.swift */,
			);
			path = NewsAppTestTests;
			sourceTree = "<group>";
		};
		D6F07326279BC67500BF1C67 /* NewsAppTestUITests */ = {
			isa = PBXGroup;
			children = (
				D6F07327279BC67500BF1C67 /* NewsAppTestUITests.swift */,
				D6F07329279BC67500BF1C67 /* NewsAppTestUITestsLaunchTests.swift */,
			);
			path = NewsAppTestUITests;
			sourceTree = "<group>";
		};
		D6F07338279BC80500BF1C67 /* Model */ = {
			isa = PBXGroup;
			children = (
				D6F07336279BC7DB00BF1C67 /* Connection.swift */,
			);
			path = Model;
			sourceTree = "<group>";
		};
		D6F0733B279BD11300BF1C67 /* ViewController */ = {
			isa = PBXGroup;
			children = (
				D6F0730A279BC66500BF1C67 /* ViewController.swift */,
				D6F07339279BCF2D00BF1C67 /* NewsTableViewCell.swift */,
			);
			path = ViewController;
			sourceTree = "<group>";
		};
		D6F0733C279BD12A00BF1C67 /* Views */ = {
			isa = PBXGroup;
			children = (
				D6F0730C279BC66500BF1C67 /* Main.storyboard */,
				D6F07311279BC67400BF1C67 /* LaunchScreen.storyboard */,
			);
			path = Views;
			sourceTree = "<group>";
		};
/* End PBXGroup section */

/* Begin PBXNativeTarget section */
		D6F07302279BC66500BF1C67 /* NewsAppTest */ = {
			isa = PBXNativeTarget;
			buildConfigurationList = D6F0732D279BC67500BF1C67 /* Build configuration list for PBXNativeTarget "NewsAppTest" */;
			buildPhases = (
				D6F072FF279BC66500BF1C67 /* Sources */,
				D6F07300279BC66500BF1C67 /* Frameworks */,
				D6F07301279BC66500BF1C67 /* Resources */,
			);
			buildRules = (
			);
			dependencies = (
			);
			name = NewsAppTest;
			productName = NewsAppTest;
			productReference = D6F07303279BC66500BF1C67 /* NewsAppTest.app */;
			productType = "com.apple.product-type.application";
		};
		D6F07318279BC67500BF1C67 /* NewsAppTestTests */ = {
			isa = PBXNativeTarget;
			buildConfigurationList = D6F07330279BC67500BF1C67 /* Build configuration list for PBXNativeTarget "NewsAppTestTests" */;
			buildPhases = (
				D6F07315279BC67500BF1C67 /* Sources */,
				D6F07316279BC67500BF1C67 /* Frameworks */,
				D6F07317279BC67500BF1C67 /* Resources */,
			);
			buildRules = (
			);
			dependencies = (
				D6F0731B279BC67500BF1C67 /* PBXTargetDependency */,
			);
			name = NewsAppTestTests;
			productName = NewsAppTestTests;
			productReference = D6F07319279BC67500BF1C67 /* NewsAppTestTests.xctest */;
			productType = "com.apple.product-type.bundle.unit-test";
		};
		D6F07322279BC67500BF1C67 /* NewsAppTestUITests */ = {
			isa = PBXNativeTarget;
			buildConfigurationList = D6F07333279BC67500BF1C67 /* Build configuration list for PBXNativeTarget "NewsAppTestUITests" */;
			buildPhases = (
				D6F0731F279BC67500BF1C67 /* Sources */,
				D6F07320279BC67500BF1C67 /* Frameworks */,
				D6F07321279BC67500BF1C67 /* Resources */,
			);
			buildRules = (
			);
			dependencies = (
				D6F07325279BC67500BF1C67 /* PBXTargetDependency */,
			);
			name = NewsAppTestUITests;
			productName = NewsAppTestUITests;
			productReference = D6F07323279BC67500BF1C67 /* NewsAppTestUITests.xctest */;
			productType = "com.apple.product-type.bundle.ui-testing";
		};
/* End PBXNativeTarget section */

/* Begin PBXProject section */
		D6F072FB279BC66500BF1C67 /* Project object */ = {
			isa = PBXProject;
			attributes = {
				BuildIndependentTargetsInParallel = 1;
				LastSwiftUpdateCheck = 1300;
				LastUpgradeCheck = 1300;
				TargetAttributes = {
					D6F07302279BC66500BF1C67 = {
						CreatedOnToolsVersion = 13.0;
					};
					D6F07318279BC67500BF1C67 = {
						CreatedOnToolsVersion = 13.0;
						TestTargetID = D6F07302279BC66500BF1C67;
					};
					D6F07322279BC67500BF1C67 = {
						CreatedOnToolsVersion = 13.0;
						TestTargetID = D6F07302279BC66500BF1C67;
					};
				};
			};
			buildConfigurationList = D6F072FE279BC66500BF1C67 /* Build configuration list for PBXProject "NewsAppTest" */;
			compatibilityVersion = "Xcode 13.0";
			developmentRegion = en;
			hasScannedForEncodings = 0;
			knownRegions = (
				en,
				Base,
			);
			mainGroup = D6F072FA279BC66500BF1C67;
			productRefGroup = D6F07304279BC66500BF1C67 /* Products */;
			projectDirPath = "";
			projectRoot = "";
			targets = (
				D6F07302279BC66500BF1C67 /* NewsAppTest */,
				D6F07318279BC67500BF1C67 /* NewsAppTestTests */,
				D6F07322279BC67500BF1C67 /* NewsAppTestUITests */,
			);
		};
/* End PBXProject section */

/* Begin PBXResourcesBuildPhase section */
		D6F07301279BC66500BF1C67 /* Resources */ = {
			isa = PBXResourcesBuildPhase;
			buildActionMask = 2147483647;
			files = (
				D6F07313279BC67400BF1C67 /* LaunchScreen.storyboard in Resources */,
				D6F07310279BC67400BF1C67 /* Assets.xcassets in Resources */,
				D6F0730E279BC66500BF1C67 /* Main.storyboard in Resources */,
			);
			runOnlyForDeploymentPostprocessing = 0;
		};
		D6F07317279BC67500BF1C67 /* Resources */ = {
			isa = PBXResourcesBuildPhase;
			buildActionMask = 2147483647;
			files = (
			);
			runOnlyForDeploymentPostprocessing = 0;
		};
		D6F07321279BC67500BF1C67 /* Resources */ = {
			isa = PBXResourcesBuildPhase;
			buildActionMask = 2147483647;
			files = (
			);
			runOnlyForDeploymentPostprocessing = 0;
		};
/* End PBXResourcesBuildPhase section */

/* Begin PBXSourcesBuildPhase section */
		D6F072FF279BC66500BF1C67 /* Sources */ = {
			isa = PBXSourcesBuildPhase;
			buildActionMask = 2147483647;
			files = (
				D6F0730B279BC66500BF1C67 /* ViewController.swift in Sources */,
				D6F07307279BC66500BF1C67 /* AppDelegate.swift in Sources */,
				D6F07309279BC66500BF1C67 /* SceneDelegate.swift in Sources */,
				D6F07337279BC7DB00BF1C67 /* Connection.swift in Sources */,
				D6F0733A279BCF2D00BF1C67 /* NewsTableViewCell.swift in Sources */,
			);
			runOnlyForDeploymentPostprocessing = 0;
		};
		D6F07315279BC67500BF1C67 /* Sources */ = {
			isa = PBXSourcesBuildPhase;
			buildActionMask = 2147483647;
			files = (
				D6F0731E279BC67500BF1C67 /* NewsAppTestTests.swift in Sources */,
			);
			runOnlyForDeploymentPostprocessing = 0;
		};
		D6F0731F279BC67500BF1C67 /* Sources */ = {
			isa = PBXSourcesBuildPhase;
			buildActionMask = 2147483647;
			files = (
				D6F07328279BC67500BF1C67 /* NewsAppTestUITests.swift in Sources */,
				D6F0732A279BC67500BF1C67 /* NewsAppTestUITestsLaunchTests.swift in Sources */,
			);
			runOnlyForDeploymentPostprocessing = 0;
		};
/* End PBXSourcesBuildPhase section */

/* Begin PBXTargetDependency section */
		D6F0731B279BC67500BF1C67 /* PBXTargetDependency */ = {
			isa = PBXTargetDependency;
			target = D6F07302279BC66500BF1C67 /* NewsAppTest */;
			targetProxy = D6F0731A279BC67500BF1C67 /* PBXContainerItemProxy */;
		};
		D6F07325279BC67500BF1C67 /* PBXTargetDependency */ = {
			isa = PBXTargetDependency;
			target = D6F07302279BC66500BF1C67 /* NewsAppTest */;
			targetProxy = D6F07324279BC67500BF1C67 /* PBXContainerItemProxy */;
		};
/* End PBXTargetDependency section */

/* Begin PBXVariantGroup section */
		D6F0730C279BC66500BF1C67 /* Main.storyboard */ = {
			isa = PBXVariantGroup;
			children = (
				D6F0730D279BC66500BF1C67 /* Base */,
			);
			name = Main.storyboard;
			sourceTree = "<group>";
		};
		D6F07311279BC67400BF1C67 /* LaunchScreen.storyboard */ = {
			isa = PBXVariantGroup;
			children = (
				D6F07312279BC67400BF1C67 /* Base */,
			);
			name = LaunchScreen.storyboard;
			sourceTree = "<group>";
		};
/* End PBXVariantGroup section */

/* Begin XCBuildConfiguration section */
		D6F0732B279BC67500BF1C67 /* Debug */ = {
			isa = XCBuildConfiguration;
			buildSettings = {
				ALWAYS_SEARCH_USER_PATHS = NO;
				CLANG_ANALYZER_NONNULL = YES;
				CLANG_ANALYZER_NUMBER_OBJECT_CONVERSION = YES_AGGRESSIVE;
				CLANG_CXX_LANGUAGE_STANDARD = "gnu++17";
				CLANG_CXX_LIBRARY = "libc++";
				CLANG_ENABLE_MODULES = YES;
				CLANG_ENABLE_OBJC_ARC = YES;
				CLANG_ENABLE_OBJC_WEAK = YES;
				CLANG_WARN_BLOCK_CAPTURE_AUTORELEASING = YES;
				CLANG_WARN_BOOL_CONVERSION = YES;
				CLANG_WARN_COMMA = YES;
				CLANG_WARN_CONSTANT_CONVERSION = YES;
				CLANG_WARN_DEPRECATED_OBJC_IMPLEMENTATIONS = YES;
				CLANG_WARN_DIRECT_OBJC_ISA_USAGE = YES_ERROR;
				CLANG_WARN_DOCUMENTATION_COMMENTS = YES;
				CLANG_WARN_EMPTY_BODY = YES;
				CLANG_WARN_ENUM_CONVERSION = YES;
				CLANG_WARN_INFINITE_RECURSION = YES;
				CLANG_WARN_INT_CONVERSION = YES;
				CLANG_WARN_NON_LITERAL_NULL_CONVERSION = YES;
				CLANG_WARN_OBJC_IMPLICIT_RETAIN_SELF = YES;
				CLANG_WARN_OBJC_LITERAL_CONVERSION = YES;
				CLANG_WARN_OBJC_ROOT_CLASS = YES_ERROR;
				CLANG_WARN_QUOTED_INCLUDE_IN_FRAMEWORK_HEADER = YES;
				CLANG_WARN_RANGE_LOOP_ANALYSIS = YES;
				CLANG_WARN_STRICT_PROTOTYPES = YES;
				CLANG_WARN_SUSPICIOUS_MOVE = YES;
				CLANG_WARN_UNGUARDED_AVAILABILITY = YES_AGGRESSIVE;
				CLANG_WARN_UNREACHABLE_CODE = YES;
				CLANG_WARN__DUPLICATE_METHOD_MATCH = YES;
				COPY_PHASE_STRIP = NO;
				DEBUG_INFORMATION_FORMAT = dwarf;
				ENABLE_STRICT_OBJC_MSGSEND = YES;
				ENABLE_TESTABILITY = YES;
				GCC_C_LANGUAGE_STANDARD = gnu11;
				GCC_DYNAMIC_NO_PIC = NO;
				GCC_NO_COMMON_BLOCKS = YES;
				GCC_OPTIMIZATION_LEVEL = 0;
				GCC_PREPROCESSOR_DEFINITIONS = (
					"DEBUG=1",
					"$(inherited)",
				);
				GCC_WARN_64_TO_32_BIT_CONVERSION = YES;
				GCC_WARN_ABOUT_RETURN_TYPE = YES_ERROR;
				GCC_WARN_UNDECLARED_SELECTOR = YES;
				GCC_WARN_UNINITIALIZED_AUTOS = YES_AGGRESSIVE;
				GCC_WARN_UNUSED_FUNCTION = YES;
				GCC_WARN_UNUSED_VARIABLE = YES;
				IPHONEOS_DEPLOYMENT_TARGET = 15.0;
				MTL_ENABLE_DEBUG_INFO = INCLUDE_SOURCE;
				MTL_FAST_MATH = YES;
				ONLY_ACTIVE_ARCH = YES;
				SDKROOT = iphoneos;
				SWIFT_ACTIVE_COMPILATION_CONDITIONS = DEBUG;
				SWIFT_OPTIMIZATION_LEVEL = "-Onone";
			};
			name = Debug;
		};
		D6F0732C279BC67500BF1C67 /* Release */ = {
			isa = XCBuildConfiguration;
			buildSettings = {
				ALWAYS_SEARCH_USER_PATHS = NO;
				CLANG_ANALYZER_NONNULL = YES;
				CLANG_ANALYZER_NUMBER_OBJECT_CONVERSION = YES_AGGRESSIVE;
				CLANG_CXX_LANGUAGE_STANDARD = "gnu++17";
				CLANG_CXX_LIBRARY = "libc++";
				CLANG_ENABLE_MODULES = YES;
				CLANG_ENABLE_OBJC_ARC = YES;
				CLANG_ENABLE_OBJC_WEAK = YES;
				CLANG_WARN_BLOCK_CAPTURE_AUTORELEASING = YES;
				CLANG_WARN_BOOL_CONVERSION = YES;
				CLANG_WARN_COMMA = YES;
				CLANG_WARN_CONSTANT_CONVERSION = YES;
				CLANG_WARN_DEPRECATED_OBJC_IMPLEMENTATIONS = YES;
				CLANG_WARN_DIRECT_OBJC_ISA_USAGE = YES_ERROR;
				CLANG_WARN_DOCUMENTATION_COMMENTS = YES;
				CLANG_WARN_EMPTY_BODY = YES;
				CLANG_WARN_ENUM_CONVERSION = YES;
				CLANG_WARN_INFINITE_RECURSION = YES;
				CLANG_WARN_INT_CONVERSION = YES;
				CLANG_WARN_NON_LITERAL_NULL_CONVERSION = YES;
				CLANG_WARN_OBJC_IMPLICIT_RETAIN_SELF = YES;
				CLANG_WARN_OBJC_LITERAL_CONVERSION = YES;
				CLANG_WARN_OBJC_ROOT_CLASS = YES_ERROR;
				CLANG_WARN_QUOTED_INCLUDE_IN_FRAMEWORK_HEADER = YES;
				CLANG_WARN_RANGE_LOOP_ANALYSIS = YES;
				CLANG_WARN_STRICT_PROTOTYPES = YES;
				CLANG_WARN_SUSPICIOUS_MOVE = YES;
				CLANG_WARN_UNGUARDED_AVAILABILITY = YES_AGGRESSIVE;
				CLANG_WARN_UNREACHABLE_CODE = YES;
				CLANG_WARN__DUPLICATE_METHOD_MATCH = YES;
				COPY_PHASE_STRIP = NO;
				DEBUG_INFORMATION_FORMAT = "dwarf-with-dsym";
				ENABLE_NS_ASSERTIONS = NO;
				ENABLE_STRICT_OBJC_MSGSEND = YES;
				GCC_C_LANGUAGE_STANDARD = gnu11;
				GCC_NO_COMMON_BLOCKS = YES;
				GCC_WARN_64_TO_32_BIT_CONVERSION = YES;
				GCC_WARN_ABOUT_RETURN_TYPE = YES_ERROR;
				GCC_WARN_UNDECLARED_SELECTOR = YES;
				GCC_WARN_UNINITIALIZED_AUTOS = YES_AGGRESSIVE;
				GCC_WARN_UNUSED_FUNCTION = YES;
				GCC_WARN_UNUSED_VARIABLE = YES;
				IPHONEOS_DEPLOYMENT_TARGET = 15.0;
				MTL_ENABLE_DEBUG_INFO = NO;
				MTL_FAST_MATH = YES;
				SDKROOT = iphoneos;
				SWIFT_COMPILATION_MODE = wholemodule;
				SWIFT_OPTIMIZATION_LEVEL = "-O";
				VALIDATE_PRODUCT = YES;
			};
			name = Release;
		};
		D6F0732E279BC67500BF1C67 /* Debug */ = {
			isa = XCBuildConfiguration;
			buildSettings = {
				ASSETCATALOG_COMPILER_APPICON_NAME = AppIcon;
				ASSETCATALOG_COMPILER_GLOBAL_ACCENT_COLOR_NAME = AccentColor;
				CODE_SIGN_STYLE = Automatic;
				CURRENT_PROJECT_VERSION = 1;
				GENERATE_INFOPLIST_FILE = YES;
				INFOPLIST_FILE = NewsAppTest/Info.plist;
				INFOPLIST_KEY_UIApplicationSupportsIndirectInputEvents = YES;
				INFOPLIST_KEY_UILaunchStoryboardName = LaunchScreen;
				INFOPLIST_KEY_UIMainStoryboardFile = Main;
				INFOPLIST_KEY_UISupportedInterfaceOrientations_iPad = "UIInterfaceOrientationPortrait UIInterfaceOrientationPortraitUpsideDown UIInterfaceOrientationLandscapeLeft UIInterfaceOrientationLandscapeRight";
				INFOPLIST_KEY_UISupportedInterfaceOrientations_iPhone = "UIInterfaceOrientationPortrait UIInterfaceOrientationLandscapeLeft UIInterfaceOrientationLandscapeRight";
				LD_RUNPATH_SEARCH_PATHS = (
					"$(inherited)",
					"@executable_path/Frameworks",
				);
				MARKETING_VERSION = 1.0;
				PRODUCT_BUNDLE_IDENTIFIER = "com.Sivaranjani-Venkatesh.NewsAppTest";
				PRODUCT_NAME = "$(TARGET_NAME)";
				SWIFT_EMIT_LOC_STRINGS = YES;
				SWIFT_VERSION = 5.0;
				TARGETED_DEVICE_FAMILY = "1,2";
			};
			name = Debug;
		};
		D6F0732F279BC67500BF1C67 /* Release */ = {
			isa = XCBuildConfiguration;
			buildSettings = {
				ASSETCATALOG_COMPILER_APPICON_NAME = AppIcon;
				ASSETCATALOG_COMPILER_GLOBAL_ACCENT_COLOR_NAME = AccentColor;
				CODE_SIGN_STYLE = Automatic;
				CURRENT_PROJECT_VERSION = 1;
				GENERATE_INFOPLIST_FILE = YES;
				INFOPLIST_FILE = NewsAppTest/Info.plist;
				INFOPLIST_KEY_UIApplicationSupportsIndirectInputEvents = YES;
				INFOPLIST_KEY_UILaunchStoryboardName = LaunchScreen;
				INFOPLIST_KEY_UIMainStoryboardFile = Main;
				INFOPLIST_KEY_UISupportedInterfaceOrientations_iPad = "UIInterfaceOrientationPortrait UIInterfaceOrientationPortraitUpsideDown UIInterfaceOrientationLandscapeLeft UIInterfaceOrientationLandscapeRight";
				INFOPLIST_KEY_UISupportedInterfaceOrientations_iPhone = "UIInterfaceOrientationPortrait UIInterfaceOrientationLandscapeLeft UIInterfaceOrientationLandscapeRight";
				LD_RUNPATH_SEARCH_PATHS = (
					"$(inherited)",
					"@executable_path/Frameworks",
				);
				MARKETING_VERSION = 1.0;
				PRODUCT_BUNDLE_IDENTIFIER = "com.Sivaranjani-Venkatesh.NewsAppTest";
				PRODUCT_NAME = "$(TARGET_NAME)";
				SWIFT_EMIT_LOC_STRINGS = YES;
				SWIFT_VERSION = 5.0;
				TARGETED_DEVICE_FAMILY = "1,2";
			};
			name = Release;
		};
		D6F07331279BC67500BF1C67 /* Debug */ = {
			isa = XCBuildConfiguration;
			buildSettings = {
				ALWAYS_EMBED_SWIFT_STANDARD_LIBRARIES = YES;
				BUNDLE_LOADER = "$(TEST_HOST)";
				CODE_SIGN_STYLE = Automatic;
				CURRENT_PROJECT_VERSION = 1;
				GENERATE_INFOPLIST_FILE = YES;
				IPHONEOS_DEPLOYMENT_TARGET = 15.0;
				LD_RUNPATH_SEARCH_PATHS = (
					"$(inherited)",
					"@executable_path/Frameworks",
					"@loader_path/Frameworks",
				);
				MARKETING_VERSION = 1.0;
				PRODUCT_BUNDLE_IDENTIFIER = "com.Sivaranjani-Venkatesh.NewsAppTestTests";
				PRODUCT_NAME = "$(TARGET_NAME)";
				SWIFT_EMIT_LOC_STRINGS = NO;
				SWIFT_VERSION = 5.0;
				TARGETED_DEVICE_FAMILY = "1,2";
				TEST_HOST = "$(BUILT_PRODUCTS_DIR)/NewsAppTest.app/NewsAppTest";
			};
			name = Debug;
		};
		D6F07332279BC67500BF1C67 /* Release */ = {
			isa = XCBuildConfiguration;
			buildSettings = {
				ALWAYS_EMBED_SWIFT_STANDARD_LIBRARIES = YES;
				BUNDLE_LOADER = "$(TEST_HOST)";
				CODE_SIGN_STYLE = Automatic;
				CURRENT_PROJECT_VERSION = 1;
				GENERATE_INFOPLIST_FILE = YES;
				IPHONEOS_DEPLOYMENT_TARGET = 15.0;
				LD_RUNPATH_SEARCH_PATHS = (
					"$(inherited)",
					"@executable_path/Frameworks",
					"@loader_path/Frameworks",
				);
				MARKETING_VERSION = 1.0;
				PRODUCT_BUNDLE_IDENTIFIER = "com.Sivaranjani-Venkatesh.NewsAppTestTests";
				PRODUCT_NAME = "$(TARGET_NAME)";
				SWIFT_EMIT_LOC_STRINGS = NO;
				SWIFT_VERSION = 5.0;
				TARGETED_DEVICE_FAMILY = "1,2";
				TEST_HOST = "$(BUILT_PRODUCTS_DIR)/NewsAppTest.app/NewsAppTest";
			};
			name = Release;
		};
		D6F07334279BC67500BF1C67 /* Debug */ = {
			isa = XCBuildConfiguration;
			buildSettings = {
				ALWAYS_EMBED_SWIFT_STANDARD_LIBRARIES = YES;
				CODE_SIGN_STYLE = Automatic;
				CURRENT_PROJECT_VERSION = 1;
				GENERATE_INFOPLIST_FILE = YES;
				LD_RUNPATH_SEARCH_PATHS = (
					"$(inherited)",
					"@executable_path/Frameworks",
					"@loader_path/Frameworks",
				);
				MARKETING_VERSION = 1.0;
				PRODUCT_BUNDLE_IDENTIFIER = "com.Sivaranjani-Venkatesh.NewsAppTestUITests";
				PRODUCT_NAME = "$(TARGET_NAME)";
				SWIFT_EMIT_LOC_STRINGS = NO;
				SWIFT_VERSION = 5.0;
				TARGETED_DEVICE_FAMILY = "1,2";
				TEST_TARGET_NAME = NewsAppTest;
			};
			name = Debug;
		};
		D6F07335279BC67500BF1C67 /* Release */ = {
			isa = XCBuildConfiguration;
			buildSettings = {
				ALWAYS_EMBED_SWIFT_STANDARD_LIBRARIES = YES;
				CODE_SIGN_STYLE = Automatic;
				CURRENT_PROJECT_VERSION = 1;
				GENERATE_INFOPLIST_FILE = YES;
				LD_RUNPATH_SEARCH_PATHS = (
					"$(inherited)",
					"@executable_path/Frameworks",
					"@loader_path/Frameworks",
				);
				MARKETING_VERSION = 1.0;
				PRODUCT_BUNDLE_IDENTIFIER = "com.Sivaranjani-Venkatesh.NewsAppTestUITests";
				PRODUCT_NAME = "$(TARGET_NAME)";
				SWIFT_EMIT_LOC_STRINGS = NO;
				SWIFT_VERSION = 5.0;
				TARGETED_DEVICE_FAMILY = "1,2";
				TEST_TARGET_NAME = NewsAppTest;
			};
			name = Release;
		};
/* End XCBuildConfiguration section */

/* Begin XCConfigurationList section */
		D6F072FE279BC66500BF1C67 /* Build configuration list for PBXProject "NewsAppTest" */ = {
			isa = XCConfigurationList;
			buildConfigurations = (
				D6F0732B279BC67500BF1C67 /* Debug */,
				D6F0732C279BC67500BF1C67 /* Release */,
			);
			defaultConfigurationIsVisible = 0;
			defaultConfigurationName = Release;
		};
		D6F0732D279BC67500BF1C67 /* Build configuration list for PBXNativeTarget "NewsAppTest" */ = {
			isa = XCConfigurationList;
			buildConfigurations = (
				D6F0732E279BC67500BF1C67 /* Debug */,
				D6F0732F279BC67500BF1C67 /* Release */,
			);
			defaultConfigurationIsVisible = 0;
			defaultConfigurationName = Release;
		};
		D6F07330279BC67500BF1C67 /* Build configuration list for PBXNativeTarget "NewsAppTestTests" */ = {
			isa = XCConfigurationList;
			buildConfigurations = (
				D6F07331279BC67500BF1C67 /* Debug */,
				D6F07332279BC67500BF1C67 /* Release */,
			);
			defaultConfigurationIsVisible = 0;
			defaultConfigurationName = Release;
		};
		D6F07333279BC67500BF1C67 /* Build configuration list for PBXNativeTarget "NewsAppTestUITests" */ = {
			isa = XCConfigurationList;
			buildConfigurations = (
				D6F07334279BC67500BF1C67 /* Debug */,
				D6F07335279BC67500BF1C67 /* Release */,
			);
			defaultConfigurationIsVisible = 0;
			defaultConfigurationName = Release;
		};
/* End XCConfigurationList section */
	};
	rootObject = D6F072FB279BC66500BF1C67 /* Project object */;
}
